#MicroXplorer Configuration settings - do not modify
ADC1.Channel-0\#ChannelRegularConversion=ADC_CHANNEL_18
ADC1.IPParameters=Rank-0\#ChannelRegularConversion,master,Channel-0\#ChannelRegularConversion,SamplingTime-0\#ChannelRegularConversion,OffsetNumber-0\#ChannelRegularConversion,MonitoredBy-0\#ChannelRegularConversion,NbrOfConversionFlag
ADC1.MonitoredBy-0\#ChannelRegularConversion=__NULL
ADC1.NbrOfConversionFlag=1
ADC1.OffsetNumber-0\#ChannelRegularConversion=ADC_OFFSET_NONE
ADC1.Rank-0\#ChannelRegularConversion=1
ADC1.SamplingTime-0\#ChannelRegularConversion=ADC_SAMPLETIME_2CYCLES_5
ADC1.master=1
BOOT0.Locked=true
BOOTPATH.BootPathName=LEGACY
BOOTPATH.IPParameters=BootPathName
BOOTPATH.UserSelectedBootPath=LEGACY
CAD.formats=
CAD.pinconfig=
CAD.provider=
CORTEX_M33_NS.userName=CORTEX_M33
DCACHE1.DCACHE_Read_Burst_Type=DCACHE_READ_BURST_INCR
DCACHE1.IPParameters=DCACHE_Read_Burst_Type
FDCAN1.CalculateBaudRateNominal=1000000
FDCAN1.CalculateTimeBitNominal=1000
FDCAN1.CalculateTimeQuantumNominal=31.25
FDCAN1.ExtFiltersNbr=4
FDCAN1.FrameFormat=FDCAN_FRAME_FD_NO_BRS
FDCAN1.IPParameters=CalculateTimeQuantumNominal,CalculateTimeBitNominal,CalculateBaudRateNominal,NominalPrescaler,NominalTimeSeg1,NominalTimeSeg2,FrameFormat,ExtFiltersNbr,StdFiltersNbr
FDCAN1.NominalPrescaler=4
FDCAN1.NominalTimeSeg1=24
FDCAN1.NominalTimeSeg2=7
FDCAN1.StdFiltersNbr=4
FDCAN2.CalculateBaudRateNominal=1000000
FDCAN2.CalculateTimeBitNominal=1000
FDCAN2.CalculateTimeQuantumNominal=31.25
FDCAN2.ClockDivider=FDCAN_CLOCK_DIV1
FDCAN2.ExtFiltersNbr=4
FDCAN2.IPParameters=CalculateTimeQuantumNominal,CalculateTimeBitNominal,CalculateBaudRateNominal,NominalPrescaler,NominalTimeSeg1,NominalTimeSeg2,StdFiltersNbr,ExtFiltersNbr,ClockDivider
FDCAN2.NominalPrescaler=4
FDCAN2.NominalTimeSeg1=24
FDCAN2.NominalTimeSeg2=7
FDCAN2.StdFiltersNbr=4
File.Version=6
GPIO.groupedBy=Group By Peripherals
KeepUserPlacement=false
MMTAppReg1.MEMORYMAP.AP=RW_priv_only
MMTAppReg1.MEMORYMAP.AppRegionName=RAM
MMTAppReg1.MEMORYMAP.ContextName=CortexM33
MMTAppReg1.MEMORYMAP.CoreName=ARM Cortex-M33
MMTAppReg1.MEMORYMAP.DefaultDataRegion=true
MMTAppReg1.MEMORYMAP.IPParameters=StartAddress,Size,CoreName,DefaultDataRegion,ContextName,Name,AP
MMTAppReg1.MEMORYMAP.Name=RAM
MMTAppReg1.MEMORYMAP.Size=655360
MMTAppReg1.MEMORYMAP.StartAddress=0x20000000
MMTAppReg2.MEMORYMAP.AppRegionName=RAM Reserved Alias Region
MMTAppReg2.MEMORYMAP.CoreName=ARM Cortex-M33
MMTAppReg2.MEMORYMAP.DefaultDataRegion=false
MMTAppReg2.MEMORYMAP.IPParameters=StartAddress,Size,CoreName,DefaultDataRegion,ReservedRegion,Name
MMTAppReg2.MEMORYMAP.Name=RAM Reserved Alias Region
MMTAppReg2.MEMORYMAP.ReservedRegion=true
MMTAppReg2.MEMORYMAP.Size=655360
MMTAppReg2.MEMORYMAP.StartAddress=0x0A000000
MMTAppReg3.MEMORYMAP.AP=RO_priv_only
MMTAppReg3.MEMORYMAP.AppRegionName=FLASH
MMTAppReg3.MEMORYMAP.Cacheability=WTRA
MMTAppReg3.MEMORYMAP.ContextName=CortexM33
MMTAppReg3.MEMORYMAP.CoreName=ARM Cortex-M33
MMTAppReg3.MEMORYMAP.DefaultCodeRegion=true
MMTAppReg3.MEMORYMAP.DefaultDataRegion=false
MMTAppReg3.MEMORYMAP.IPParameters=StartAddress,Size,CoreName,DefaultDataRegion,MemType,ContextName,Name,AP,Cacheability,DefaultCodeRegion
MMTAppReg3.MEMORYMAP.MemType=ROM
MMTAppReg3.MEMORYMAP.Name=FLASH
MMTAppReg3.MEMORYMAP.Size=1048576
MMTAppReg3.MEMORYMAP.StartAddress=0x08000000
MMTAppRegionsCount=3
MMTConfigApplied=false
MMTSectionSuffix=_Section
Mcu.CPN=STM32H563RGV6
Mcu.ContextProject=TrustZoneDisabled
Mcu.Family=STM32H5
Mcu.IP0=ADC1
Mcu.IP1=BOOTPATH
Mcu.IP10=OCTOSPI1
Mcu.IP11=PWR
Mcu.IP12=RCC
Mcu.IP13=RTC
Mcu.IP14=SYS
Mcu.IP15=TIM1
Mcu.IP16=TIM2
Mcu.IP17=TIM3
Mcu.IP18=TIM4
Mcu.IP19=TIM6
Mcu.IP2=CORTEX_M33_NS
Mcu.IP20=TIM8
Mcu.IP21=USB
Mcu.IP3=DCACHE1
Mcu.IP4=DEBUG
Mcu.IP5=FDCAN1
Mcu.IP6=FDCAN2
Mcu.IP7=ICACHE
Mcu.IP8=MEMORYMAP
Mcu.IP9=NVIC
Mcu.IPNb=22
Mcu.Name=STM32H563RGVx
Mcu.Package=VFQFPN68
Mcu.Pin0=PC13
Mcu.Pin1=NRST
Mcu.Pin10=PA4
Mcu.Pin11=PA5
Mcu.Pin12=PA6
Mcu.Pin13=PA7
Mcu.Pin14=PC4
Mcu.Pin15=PC5
Mcu.Pin16=PB0
Mcu.Pin17=PB1
Mcu.Pin18=PB2
Mcu.Pin19=PB10
Mcu.Pin2=PC0
Mcu.Pin20=PB11
Mcu.Pin21=PB12
Mcu.Pin22=PB13
Mcu.Pin23=PB14
Mcu.Pin24=PB15
Mcu.Pin25=PD11
Mcu.Pin26=PD12
Mcu.Pin27=PC6
Mcu.Pin28=PC7
Mcu.Pin29=PC8
Mcu.Pin3=PC1
Mcu.Pin30=PC9
Mcu.Pin31=PA8
Mcu.Pin32=PA9
Mcu.Pin33=PA10
Mcu.Pin34=PA11
Mcu.Pin35=PA12
Mcu.Pin36=PA13(JTMS/SWDIO)
Mcu.Pin37=PA14(JTCK/SWCLK)
Mcu.Pin38=PA15(JTDI)
Mcu.Pin39=PC10
Mcu.Pin4=PC2
Mcu.Pin40=PC11
Mcu.Pin41=PC12
Mcu.Pin42=PB3(JTDO/TRACESWO)
Mcu.Pin43=PB4(NJTRST)
Mcu.Pin44=PB5
Mcu.Pin45=PB6
Mcu.Pin46=PB7
Mcu.Pin47=BOOT0
Mcu.Pin48=PB8
Mcu.Pin49=PB9
Mcu.Pin5=PC3
Mcu.Pin50=PE0
Mcu.Pin51=VP_CORTEX_M33_NS_VS_Hclk
Mcu.Pin52=VP_DCACHE1_VS_DCACHE
Mcu.Pin53=VP_ICACHE_VS_ICACHE
Mcu.Pin54=VP_PWR_VS_SECSignals
Mcu.Pin55=VP_PWR_VS_LPOM
Mcu.Pin56=VP_RTC_VS_RTC_Activate
Mcu.Pin57=VP_RTC_VS_RTC_WakeUp_intern
Mcu.Pin58=VP_SYS_VS_Systick
Mcu.Pin59=VP_TIM6_VS_ClockSourceINT
Mcu.Pin6=PA0
Mcu.Pin60=VP_BOOTPATH_VS_BOOTPATH
Mcu.Pin61=VP_MEMORYMAP_VS_MEMORYMAP
Mcu.Pin7=PA1
Mcu.Pin8=PA2
Mcu.Pin9=PA3
Mcu.PinsNb=62
Mcu.ThirdPartyNb=0
Mcu.UserConstants=
Mcu.UserName=STM32H563RGVx
MxCube.Version=6.17.0
MxDb.Version=DB.6.0.170
NRST.Locked=true
NVIC.BusFault_IRQn=true\:0\:0\:false\:false\:true\:false\:false\:false
NVIC.DebugMonitor_IRQn=true\:1\:0\:true\:false\:true\:false\:false\:false
NVIC.EXTI10_IRQn=true\:8\:0\:true\:false\:true\:true\:true\:true
NVIC.EXTI11_IRQn=true\:8\:0\:true\:false\:true\:true\:true\:true
NVIC.EXTI12_IRQn=true\:8\:0\:true\:false\:true\:true\:true\:true
NVIC.EXTI14_IRQn=true\:8\:0\:true\:false\:true\:true\:true\:true
NVIC.EXTI15_IRQn=true\:8\:0\:true\:false\:true\:true\:true\:true
NVIC.EXTI8_IRQn=true\:8\:0\:true\:false\:true\:true\:true\:true
NVIC.EXTI9_IRQn=true\:8\:0\:true\:false\:true\:true\:true\:true
NVIC.FDCAN1_IT0_IRQn=true\:5\:0\:true\:false\:true\:true\:true\:true
NVIC.FDCAN2_IT0_IRQn=true\:5\:0\:true\:false\:true\:true\:true\:true
NVIC.ForceEnableDMAVector=true
NVIC.HardFault_IRQn=true\:0\:0\:false\:false\:true\:false\:false\:false
NVIC.MemoryManagement_IRQn=true\:0\:0\:false\:false\:true\:false\:false\:false
NVIC.NonMaskableInt_IRQn=true\:0\:0\:false\:false\:true\:false\:false\:false
NVIC.PendSV_IRQn=true\:0\:0\:false\:false\:true\:false\:false\:false
NVIC.PriorityGroup=NVIC_PRIORITYGROUP_4
NVIC.SVCall_IRQn=true\:0\:0\:false\:false\:true\:false\:false\:false
NVIC.SysTick_IRQn=true\:4\:0\:true\:false\:true\:false\:true\:false
NVIC.TIM4_IRQn=true\:6\:0\:true\:false\:true\:true\:true\:true
NVIC.TIM6_IRQn=true\:6\:0\:true\:false\:true\:true\:true\:true
NVIC.UsageFault_IRQn=true\:0\:0\:false\:false\:true\:false\:false\:false
PA0.GPIOParameters=GPIO_Label
PA0.GPIO_Label=LED_2
PA0.Locked=true
PA0.Signal=GPIO_Output
PA1.GPIOParameters=GPIO_Label
PA1.GPIO_Label=LED_1
PA1.Locked=true
PA1.Signal=GPIO_Output
PA10.GPIOParameters=GPIO_Label,GPIO_ModeDefaultEXTI
PA10.GPIO_Label=LIM4_2
PA10.GPIO_ModeDefaultEXTI=GPIO_MODE_IT_FALLING
PA10.Locked=true
PA10.Signal=GPXTI10
PA11.Mode=Device
PA11.Signal=USB_DM
PA12.Mode=Device
PA12.Signal=USB_DP
PA13(JTMS/SWDIO).Locked=true
PA13(JTMS/SWDIO).Mode=Serial_Wire
PA13(JTMS/SWDIO).Signal=DEBUG_JTMS-SWDIO
PA14(JTCK/SWCLK).Locked=true
PA14(JTCK/SWCLK).Mode=Serial_Wire
PA14(JTCK/SWCLK).Signal=DEBUG_JTCK-SWCLK
PA15(JTDI).GPIOParameters=GPIO_Label
PA15(JTDI).GPIO_Label=ID_4_SW
PA15(JTDI).Locked=true
PA15(JTDI).Signal=GPIO_Input
PA2.GPIOParameters=GPIO_Label
PA2.GPIO_Label=Synchronization_flag
PA2.Locked=true
PA2.Signal=GPIO_Output
PA3.GPIOParameters=GPIO_Speed,GPIO_Label
PA3.GPIO_Label=Synchronization_clock
PA3.GPIO_Speed=GPIO_SPEED_FREQ_HIGH
PA3.Locked=true
PA3.Signal=S_TIM2_CH4
PA4.Locked=true
PA4.Signal=ADCx_INP18
PA5.Locked=true
PA6.GPIOParameters=GPIO_Label
PA6.GPIO_Label=FLASH_IO3
PA6.Locked=true
PA6.Mode=OCTOSPI1_IO[3\:0]
PA6.Signal=OCTOSPI1_IO3
PA7.GPIOParameters=GPIO_Label
PA7.GPIO_Label=FLASH_IO2
PA7.Locked=true
PA7.Mode=OCTOSPI1_IO[3\:0]
PA7.Signal=OCTOSPI1_IO2
PA8.GPIOParameters=GPIO_Speed,GPIO_Label
PA8.GPIO_Label=ENC2_B
PA8.GPIO_Speed=GPIO_SPEED_FREQ_LOW
PA8.Signal=S_TIM1_CH1
PA9.GPIOParameters=GPIO_Label
PA9.GPIO_Label=ENC2_A
PA9.Signal=S_TIM1_CH2
PB0.GPIOParameters=GPIO_Label
PB0.GPIO_Label=FLASH_IO1
PB0.Locked=true
PB0.Mode=OCTOSPI1_IO[3\:0]
PB0.Signal=OCTOSPI1_IO1
PB1.GPIOParameters=GPIO_Label
PB1.GPIO_Label=FLASH_IO0
PB1.Locked=true
PB1.Mode=OCTOSPI1_IO[3\:0]
PB1.Signal=OCTOSPI1_IO0
PB10.GPIOParameters=GPIO_Label
PB10.GPIO_Label=FLASH_SS
PB10.Mode=quad_mode
PB10.Signal=OCTOSPI1_NCS
PB11.Locked=true
PB12.Mode=FDCAN_Activate
PB12.Signal=FDCAN2_RX
PB13.Mode=FDCAN_Activate
PB13.Signal=FDCAN2_TX
PB14.GPIOParameters=GPIO_Label,GPIO_ModeDefaultEXTI
PB14.GPIO_Label=LIM1_1
PB14.GPIO_ModeDefaultEXTI=GPIO_MODE_IT_FALLING
PB14.Locked=true
PB14.Signal=GPXTI14
PB15.GPIOParameters=GPIO_Label,GPIO_ModeDefaultEXTI
PB15.GPIO_Label=LIM1_2
PB15.GPIO_ModeDefaultEXTI=GPIO_MODE_IT_FALLING
PB15.Locked=true
PB15.Signal=GPXTI15
PB2.GPIOParameters=GPIO_Label
PB2.GPIO_Label=FLASH_CLK
PB2.Locked=true
PB2.Mode=quad_mode
PB2.Signal=OCTOSPI1_CLK
PB3(JTDO/TRACESWO).GPIOParameters=GPIO_Label
PB3(JTDO/TRACESWO).GPIO_Label=POWER_MONITOR
PB3(JTDO/TRACESWO).Locked=true
PB3(JTDO/TRACESWO).Signal=GPIO_Input
PB4(NJTRST).GPIOParameters=GPIO_Label
PB4(NJTRST).GPIO_Label=ENC3_B
PB4(NJTRST).Locked=true
PB4(NJTRST).Signal=S_TIM3_CH1
PB5.GPIOParameters=GPIO_Label
PB5.GPIO_Label=ENC3_A
PB5.Locked=true
PB5.Signal=S_TIM3_CH2
PB6.GPIOParameters=GPIO_Label
PB6.GPIO_Label=ENC4_B
PB6.Locked=true
PB6.Signal=S_TIM4_CH1
PB7.GPIOParameters=GPIO_Label
PB7.GPIO_Label=ENC4_A
PB7.Signal=S_TIM4_CH2
PB8.Mode=FDCAN_Activate
PB8.Signal=FDCAN1_RX
PB9.Mode=FDCAN_Activate
PB9.Signal=FDCAN1_TX
PC0.Locked=true
PC1.Locked=true
PC10.GPIOParameters=GPIO_Label
PC10.GPIO_Label=ID_2_SW
PC10.Locked=true
PC10.Signal=GPIO_Input
PC11.Locked=true
PC12.Locked=true
PC13.Locked=true
PC2.GPIOParameters=GPIO_Label
PC2.GPIO_Label=LED_4
PC2.Locked=true
PC2.Signal=GPIO_Output
PC3.GPIOParameters=GPIO_Label
PC3.GPIO_Label=LED_3
PC3.Locked=true
PC3.Signal=GPIO_Output
PC4.Locked=true
PC5.Locked=true
PC6.GPIOParameters=GPIO_Label
PC6.GPIO_Label=ENC1_B
PC6.Signal=S_TIM8_CH1
PC7.GPIOParameters=GPIO_Label
PC7.GPIO_Label=ENC1_A
PC7.Signal=S_TIM8_CH2
PC8.GPIOParameters=GPIO_Label,GPIO_ModeDefaultEXTI
PC8.GPIO_Label=LIM3_1
PC8.GPIO_ModeDefaultEXTI=GPIO_MODE_IT_FALLING
PC8.Locked=true
PC8.Signal=GPXTI8
PC9.GPIOParameters=GPIO_Label,GPIO_ModeDefaultEXTI
PC9.GPIO_Label=LIM3_2
PC9.GPIO_ModeDefaultEXTI=GPIO_MODE_IT_FALLING
PC9.Locked=true
PC9.Signal=GPXTI9
PCC.Checker=false
PCC.Display=Plot\: All Steps
PCC.Line=STM32H5x3
PCC.MCU=STM32H563RGVx
PCC.PartNumber=STM32H563RGVx
PCC.Series=STM32H5
PCC.Temperature=25
PCC.Vdd=3.0
PD11.GPIOParameters=GPIO_Label,GPIO_ModeDefaultEXTI
PD11.GPIO_Label=LIM2_1
PD11.GPIO_ModeDefaultEXTI=GPIO_MODE_IT_FALLING
PD11.Locked=true
PD11.Signal=GPXTI11
PD12.GPIOParameters=GPIO_Label,GPIO_ModeDefaultEXTI
PD12.GPIO_Label=LIM2_2
PD12.GPIO_ModeDefaultEXTI=GPIO_MODE_IT_FALLING
PD12.Locked=true
PD12.Signal=GPXTI12
PE0.Locked=true
PinOutPanel.RotationAngle=0
ProjectManager.AskForMigrate=true
ProjectManager.BackupPrevious=false
ProjectManager.CompilerLinker=GCC
ProjectManager.CompilerOptimize=6
ProjectManager.ComputerToolchain=false
ProjectManager.CoupleFile=true
ProjectManager.CustomerFirmwarePackage=
ProjectManager.DefaultFWLocation=true
ProjectManager.DeletePrevious=true
ProjectManager.DeviceId=STM32H563RGVx
ProjectManager.FirmwarePackage=STM32Cube FW_H5 V1.6.0
ProjectManager.FreePins=false
ProjectManager.FreePinsContext=
ProjectManager.HalAssertFull=false
ProjectManager.HeapSize=0x200
ProjectManager.KeepUserCode=true
ProjectManager.LastFirmware=true
ProjectManager.LibraryCopy=1
ProjectManager.MainLocation=Core/Src
ProjectManager.NoMain=false
ProjectManager.PreviousToolchain=
ProjectManager.ProjectBuild=false
ProjectManager.ProjectFileName=esc-control-hub.ioc
ProjectManager.ProjectName=esc-control-hub
ProjectManager.ProjectStructure=
ProjectManager.RegisterCallBack=
ProjectManager.StackSize=0x400
ProjectManager.TargetToolchain=CMake
ProjectManager.ToolChainLocation=
ProjectManager.UAScriptAfterPath=
ProjectManager.UAScriptBeforePath=
ProjectManager.UnderRoot=false
ProjectManager.functionlistsort=1-SystemClock_Config-RCC-false-HAL-false,2-MX_GPIO_Init-GPIO-false-HAL-true,3-MX_FDCAN1_Init-FDCAN1-false-HAL-true,4-MX_FDCAN2_Init-FDCAN2-false-HAL-true,5-MX_OCTOSPI1_Init-OCTOSPI1-false-HAL-true,6-MX_RTC_Init-RTC-false-HAL-true,7-MX_TIM1_Init-TIM1-false-HAL-true,8-MX_TIM3_Init-TIM3-false-HAL-true,9-MX_TIM4_Init-TIM4-false-HAL-true,10-MX_USB_PCD_Init-USB-false-HAL-true,11-MX_TIM8_Init-TIM8-false-HAL-true,12-MX_TIM2_Init-TIM2-false-HAL-true,13-MX_TIM6_Init-TIM6-false-HAL-true,14-MX_ICACHE_Init-ICACHE-false-HAL-true,15-MX_DCACHE1_Init-DCACHE1-false-HAL-true,16-MX_ADC1_Init-ADC1-false-HAL-true,0-MX_CORTEX_M33_NS_Init-CORTEX_M33_NS-false-HAL-true,0-MX_PWR_Init-PWR-false-HAL-true
RCC.ADCFreq_Value=128000000
RCC.AHBFreq_Value=128000000
RCC.APB1Freq_Value=128000000
RCC.APB1TimFreq_Value=128000000
RCC.APB2Freq_Value=128000000
RCC.APB2TimFreq_Value=128000000
RCC.APB3Freq_Value=128000000
RCC.CECFreq_Value=32000
RCC.CKPERFreq_Value=64000000
RCC.CRSFreq_Value=48000000
RCC.CSI_VALUE=4000000
RCC.CortexFreq_Value=128000000
RCC.DACFreq_Value=32768
RCC.EPOD_VALUE=64000000
RCC.ETHFreq_Value=128000000
RCC.FCLKCortexFreq_Value=128000000
RCC.FDCANClockSelection=RCC_FDCANCLKSOURCE_PLL1Q
RCC.FDCANFreq_Value=128000000
RCC.FamilyName=M
RCC.HCLKFreq_Value=128000000
RCC.HSE_VALUE=24000000
RCC.HSI48_VALUE=48000000
RCC.HSIDiv=RCC_HSI_DIV1
RCC.HSI_VALUE=64000000
RCC.I2C1Freq_Value=128000000
RCC.I2C2Freq_Value=128000000
RCC.I2C3Freq_Value=128000000
RCC.I2C4Freq_Value=128000000
RCC.I3C1Freq_Value=128000000
RCC.IPParameters=ADCFreq_Value,AHBFreq_Value,APB1Freq_Value,APB1TimFreq_Value,APB2Freq_Value,APB2TimFreq_Value,APB3Freq_Value,CECFreq_Value,CKPERFreq_Value,CRSFreq_Value,CSI_VALUE,CortexFreq_Value,DACFreq_Value,EPOD_VALUE,ETHFreq_Value,FCLKCortexFreq_Value,FDCANClockSelection,FDCANFreq_Value,FamilyName,HCLKFreq_Value,HSE_VALUE,HSI48_VALUE,HSIDiv,HSI_VALUE,I2C1Freq_Value,I2C2Freq_Value,I2C3Freq_Value,I2C4Freq_Value,I3C1Freq_Value,LPTIM1Freq_Value,LPTIM2Freq_Value,LPTIM3Freq_Value,LPTIM4Freq_Value,LPTIM5Freq_Value,LPTIM6Freq_Value,LPUART1Freq_Value,LSCOPinFreq_Value,LSE_VALUE,LSIRC_VALUE,MCO1PinFreq_Value,MCO2PinFreq_Value,OCTOSPIMCLockSelection,OCTOSPIMFreq_Value,PLL2M,PLL2N,PLL2PoutputFreq_Value,PLL2QoutputFreq_Value,PLL2RoutputFreq_Value,PLL2Source,PLL3M,PLL3N,PLL3PoutputFreq_Value,PLL3QoutputFreq_Value,PLL3RoutputFreq_Value,PLL3Source,PLLFRACN,PLLM,PLLN,PLLPoutputFreq_Value,PLLQoutputFreq_Value,PLLSourceVirtual,PWRFreq_Value,RNGFreq_Value,RTCFreq_Value,SAI1Freq_Value,SAI2Freq_Value,SDMMC1Freq_Value,SPI1Freq_Value,SPI2Freq_Value,SPI3Freq_Value,SPI6Freq_Value,SYSCLKFreq_VALUE,SYSCLKSource,UART4Freq_Value,UART5Freq_Value,UART7Freq_Value,UCPD1outputFreq_Value,USART11Freq_Value,USART1Freq_Value,USART2Freq_Value,USART3Freq_Value,USART6Freq_Value,USBFreq_Value,VCOInput2Freq_Value,VCOInput3Freq_Value,VCOInputFreq_Value,VCOOutputFreq_Value,VCOPLL2OutputFreq_Value,VCOPLL3OutputFreq_Value
RCC.LPTIM1Freq_Value=128000000
RCC.LPTIM2Freq_Value=128000000
RCC.LPTIM3Freq_Value=128000000
RCC.LPTIM4Freq_Value=128000000
RCC.LPTIM5Freq_Value=128000000
RCC.LPTIM6Freq_Value=128000000
RCC.LPUART1Freq_Value=128000000
RCC.LSCOPinFreq_Value=32000
RCC.LSE_VALUE=32768
RCC.LSIRC_VALUE=32000
RCC.MCO1PinFreq_Value=64000000
RCC.MCO2PinFreq_Value=128000000
RCC.OCTOSPIMCLockSelection=RCC_OSPICLKSOURCE_PLL1Q
RCC.OCTOSPIMFreq_Value=128000000
RCC.PLL2M=8
RCC.PLL2N=16
RCC.PLL2PoutputFreq_Value=64000000
RCC.PLL2QoutputFreq_Value=64000000
RCC.PLL2RoutputFreq_Value=64000000
RCC.PLL2Source=RCC_PLL2_SOURCE_HSI
RCC.PLL3M=8
RCC.PLL3N=16
RCC.PLL3PoutputFreq_Value=64000000
RCC.PLL3QoutputFreq_Value=64000000
RCC.PLL3RoutputFreq_Value=64000000
RCC.PLL3Source=RCC_PLL3_SOURCE_HSI
RCC.PLLFRACN=0
RCC.PLLM=4
RCC.PLLN=16
RCC.PLLPoutputFreq_Value=128000000
RCC.PLLQoutputFreq_Value=128000000
RCC.PLLSourceVirtual=RCC_PLL1_SOURCE_HSI
RCC.PWRFreq_Value=128000000
RCC.RNGFreq_Value=48000000
RCC.RTCFreq_Value=32000
RCC.SAI1Freq_Value=64000000
RCC.SAI2Freq_Value=64000000
RCC.SDMMC1Freq_Value=128000000
RCC.SPI1Freq_Value=128000000
RCC.SPI2Freq_Value=128000000
RCC.SPI3Freq_Value=128000000
RCC.SPI6Freq_Value=128000000
RCC.SYSCLKFreq_VALUE=128000000
RCC.SYSCLKSource=RCC_SYSCLKSOURCE_PLLCLK
RCC.UART4Freq_Value=128000000
RCC.UART5Freq_Value=128000000
RCC.UART7Freq_Value=128000000
RCC.UCPD1outputFreq_Value=16000000
RCC.USART11Freq_Value=128000000
RCC.USART1Freq_Value=128000000
RCC.USART2Freq_Value=128000000
RCC.USART3Freq_Value=128000000
RCC.USART6Freq_Value=128000000
RCC.USBFreq_Value=48000000
RCC.VCOInput2Freq_Value=8000000
RCC.VCOInput3Freq_Value=8000000
RCC.VCOInputFreq_Value=16000000
RCC.VCOOutputFreq_Value=256000000
RCC.VCOPLL2OutputFreq_Value=128000000
RCC.VCOPLL3OutputFreq_Value=128000000
RTC.IPParameters=WakeUpClock-WakeUp
RTC.WakeUpClock-WakeUp=RTC_WAKEUPCLOCK_CK_SPRE_16BITS
SH.ADCx_INP18.0=ADC1_INP18,IN18-Single-Ended
SH.ADCx_INP18.ConfNb=1
SH.GPXTI10.0=GPIO_EXTI10
SH.GPXTI10.ConfNb=1
SH.GPXTI11.0=GPIO_EXTI11
SH.GPXTI11.ConfNb=1
SH.GPXTI12.0=GPIO_EXTI12
SH.GPXTI12.ConfNb=1
SH.GPXTI14.0=GPIO_EXTI14
SH.GPXTI14.ConfNb=1
SH.GPXTI15.0=GPIO_EXTI15
SH.GPXTI15.ConfNb=1
SH.GPXTI8.0=GPIO_EXTI8
SH.GPXTI8.ConfNb=1
SH.GPXTI9.0=GPIO_EXTI9
SH.GPXTI9.ConfNb=1
SH.S_TIM1_CH1.0=TIM1_CH1,Encoder_Interface
SH.S_TIM1_CH1.ConfNb=1
SH.S_TIM1_CH2.0=TIM1_CH2,Encoder_Interface
SH.S_TIM1_CH2.ConfNb=1
SH.S_TIM2_CH4.0=TIM2_CH4,PWM Generation4 CH4
SH.S_TIM2_CH4.ConfNb=1
SH.S_TIM3_CH1.0=TIM3_CH1,Encoder_Interface
SH.S_TIM3_CH1.ConfNb=1
SH.S_TIM3_CH2.0=TIM3_CH2,Encoder_Interface
SH.S_TIM3_CH2.ConfNb=1
SH.S_TIM4_CH1.0=TIM4_CH1,Encoder_Interface
SH.S_TIM4_CH1.ConfNb=1
SH.S_TIM4_CH2.0=TIM4_CH2,Encoder_Interface
SH.S_TIM4_CH2.ConfNb=1
SH.S_TIM8_CH1.0=TIM8_CH1,Encoder_Interface
SH.S_TIM8_CH1.ConfNb=1
SH.S_TIM8_CH2.0=TIM8_CH2,Encoder_Interface
SH.S_TIM8_CH2.ConfNb=1
TIM2.Channel-PWM\ Generation4\ CH4=TIM_CHANNEL_4
TIM2.IPParameters=Channel-PWM Generation4 CH4,Prescaler,PeriodNoDither
TIM2.PeriodNoDither=100
TIM2.Prescaler=250
TIM3.EncoderMode=TIM_ENCODERMODE_TI12
TIM3.IPParameters=EncoderMode
TIM4.IPParameters=Prescaler,PeriodNoDither
TIM4.PeriodNoDither=100
TIM4.Prescaler=0
TIM6.IPParameters=Prescaler,PeriodNoDither
TIM6.PeriodNoDither=1000
TIM6.Prescaler=250
TIM8.EncoderMode=TIM_ENCODERMODE_TI12
TIM8.IC1Filter=15
TIM8.IPParameters=IC1Filter,EncoderMode
USB.IPParameters=VirtualMode,bulk_doublebuffer_enable,iso_singlebuffer_enable,Sof_enable-Device
USB.Sof_enable-Device=ENABLE
USB.VirtualMode=Device_Only
USB.bulk_doublebuffer_enable=ENABLE
USB.iso_singlebuffer_enable=ENABLE
VP_BOOTPATH_VS_BOOTPATH.Mode=BP_Activate
VP_BOOTPATH_VS_BOOTPATH.Signal=BOOTPATH_VS_BOOTPATH
VP_CORTEX_M33_NS_VS_Hclk.Mode=Hclk_Mode
VP_CORTEX_M33_NS_VS_Hclk.Signal=CORTEX_M33_NS_VS_Hclk
VP_DCACHE1_VS_DCACHE.Mode=DCACHE_Activate
VP_DCACHE1_VS_DCACHE.Signal=DCACHE1_VS_DCACHE
VP_ICACHE_VS_ICACHE.Mode=DefaultMode
VP_ICACHE_VS_ICACHE.Signal=ICACHE_VS_ICACHE
VP_MEMORYMAP_VS_MEMORYMAP.Mode=CurAppReg
VP_MEMORYMAP_VS_MEMORYMAP.Signal=MEMORYMAP_VS_MEMORYMAP
VP_PWR_VS_LPOM.Mode=PowerOptimisation
VP_PWR_VS_LPOM.Signal=PWR_VS_LPOM
VP_PWR_VS_SECSignals.Mode=Security/Privilege
VP_PWR_VS_SECSignals.Signal=PWR_VS_SECSignals
VP_RTC_VS_RTC_Activate.Mode=RTC_Enabled
VP_RTC_VS_RTC_Activate.Signal=RTC_VS_RTC_Activate
VP_RTC_VS_RTC_WakeUp_intern.Mode=WakeUp
VP_RTC_VS_RTC_WakeUp_intern.Signal=RTC_VS_RTC_WakeUp_intern
VP_SYS_VS_Systick.Mode=SysTick
VP_SYS_VS_Systick.Signal=SYS_VS_Systick
VP_TIM6_VS_ClockSourceINT.Mode=Enable_Timer
VP_TIM6_VS_ClockSourceINT.Signal=TIM6_VS_ClockSourceINT
board=custom
